// !$*UTF8*$!
{
	archiveVersion = 1;
	classes = {
	};
	objectVersion = 46;
	objects = {

/* Begin PBXBuildFile section */
		6BB6E1091CA330F400FF8821 /* AppDelegate.swift in Sources */ = {isa = PBXBuildFile; fileRef = 6BB6E1081CA330F400FF8821 /* AppDelegate.swift */; };
		6BB6E10B1CA330F400FF8821 /* ViewController.swift in Sources */ = {isa = PBXBuildFile; fileRef = 6BB6E10A1CA330F400FF8821 /* ViewController.swift */; };
		6BB6E10E1CA330F400FF8821 /* Main.storyboard in Resources */ = {isa = PBXBuildFile; fileRef = 6BB6E10C1CA330F400FF8821 /* Main.storyboard */; };
		6BB6E1111CA330F400FF8821 /* simpleUIToolBar.xcdatamodeld in Sources */ = {isa = PBXBuildFile; fileRef = 6BB6E10F1CA330F400FF8821 /* simpleUIToolBar.xcdatamodeld */; };
		6BB6E1131CA330F400FF8821 /* Assets.xcassets in Resources */ = {isa = PBXBuildFile; fileRef = 6BB6E1121CA330F400FF8821 /* Assets.xcassets */; };
		6BB6E1161CA330F400FF8821 /* LaunchScreen.storyboard in Resources */ = {isa = PBXBuildFile; fileRef = 6BB6E1141CA330F400FF8821 /* LaunchScreen.storyboard */; };
		6BB6E1211CA330F400FF8821 /* simpleUIToolBarTests.swift in Sources */ = {isa = PBXBuildFile; fileRef = 6BB6E1201CA330F400FF8821 /* simpleUIToolBarTests.swift */; };
		6BB6E12C1CA330F400FF8821 /* simpleUIToolBarUITests.swift in Sources */ = {isa = PBXBuildFile; fileRef = 6BB6E12B1CA330F400FF8821 /* simpleUIToolBarUITests.swift */; };
/* End PBXBuildFile section */

/* Begin PBXContainerItemProxy section */
		6BB6E11D1CA330F400FF8821 /* PBXContainerItemProxy */ = {
			isa = PBXContainerItemProxy;
			containerPortal = 6BB6E0FD1CA330F400FF8821 /* Project object */;
			proxyType = 1;
			remoteGlobalIDString = 6BB6E1041CA330F400FF8821;
			remoteInfo = simpleUIToolBar;
		};
		6BB6E1281CA330F400FF8821 /* PBXContainerItemProxy */ = {
			isa = PBXContainerItemProxy;
			containerPortal = 6BB6E0FD1CA330F400FF8821 /* Project object */;
			proxyType = 1;
			remoteGlobalIDString = 6BB6E1041CA330F400FF8821;
			remoteInfo = simpleUIToolBar;
		};
/* End PBXContainerItemProxy section */

/* Begin PBXFileReference section */
		6BB6E1051CA330F400FF8821 /* simpleUIToolBar.app */ = {isa = PBXFileReference; explicitFileType = wrapper.application; includeInIndex = 0; path = simpleUIToolBar.app; sourceTree = BUILT_PRODUCTS_DIR; };
		6BB6E1081CA330F400FF8821 /* AppDelegate.swift */ = {isa = PBXFileReference; lastKnownFileType = sourcecode.swift; path = AppDelegate.swift; sourceTree = "<group>"; };
		6BB6E10A1CA330F400FF8821 /* ViewController.swift */ = {isa = PBXFileReference; lastKnownFileType = sourcecode.swift; path = ViewController.swift; sourceTree = "<group>"; };
		6BB6E10D1CA330F400FF8821 /* Base */ = {isa = PBXFileReference; lastKnownFileType = file.storyboard; name = Base; path = Base.lproj/Main.storyboard; sourceTree = "<group>"; };
		6BB6E1101CA330F400FF8821 /* simpleUIToolBar.xcdatamodel */ = {isa = PBXFileReference; lastKnownFileType = wrapper.xcdatamodel; path = simpleUIToolBar.xcdatamodel; sourceTree = "<group>"; };
		6BB6E1121CA330F400FF8821 /* Assets.xcassets */ = {isa = PBXFileReference; lastKnownFileType = folder.assetcatalog; path = Assets.xcassets; sourceTree = "<group>"; };
		6BB6E1151CA330F400FF8821 /* Base */ = {isa = PBXFileReference; lastKnownFileType = file.storyboard; name = Base; path = Base.lproj/LaunchScreen.storyboard; sourceTree = "<group>"; };
		6BB6E1171CA330F400FF8821 /* Info.plist */ = {isa = PBXFileReference; lastKnownFileType = text.plist.xml; path = Info.plist; sourceTree = "<group>"; };
		6BB6E11C1CA330F400FF8821 /* simpleUIToolBarTests.xctest */ = {isa = PBXFileReference; explicitFileType = wrapper.cfbundle; includeInIndex = 0; path = simpleUIToolBarTests.xctest; sourceTree = BUILT_PRODUCTS_DIR; };
		6BB6E1201CA330F400FF8821 /* simpleUIToolBarTests.swift */ = {isa = PBXFileReference; lastKnownFileType = sourcecode.swift; path = simpleUIToolBarTests.swift; sourceTree = "<group>"; };
		6BB6E1221CA330F400FF8821 /* Info.plist */ = {isa = PBXFileReference; lastKnownFileType = text.plist.xml; path = Info.plist; sourceTree = "<group>"; };
		6BB6E1271CA330F400FF8821 /* simpleUIToolBarUITests.xctest */ = {isa = PBXFileReference; explicitFileType = wrapper.cfbundle; includeInIndex = 0; path = simpleUIToolBarUITests.xctest; sourceTree = BUILT_PRODUCTS_DIR; };
		6BB6E12B1CA330F400FF8821 /* simpleUIToolBarUITests.swift */ = {isa = PBXFileReference; lastKnownFileType = sourcecode.swift; path = simpleUIToolBarUITests.swift; sourceTree = "<group>"; };
		6BB6E12D1CA330F400FF8821 /* Info.plist */ = {isa = PBXFileReference; lastKnownFileType = text.plist.xml; path = Info.plist; sourceTree = "<group>"; };
/* End PBXFileReference section */

/* Begin PBXFrameworksBuildPhase section */
		6BB6E1021CA330F400FF8821 /* Frameworks */ = {
			isa = PBXFrameworksBuildPhase;
			buildActionMask = 2147483647;
			files = (
			);
			runOnlyForDeploymentPostprocessing = 0;
		};
		6BB6E1191CA330F400FF8821 /* Frameworks */ = {
			isa = PBXFrameworksBuildPhase;
			buildActionMask = 2147483647;
			files = (
			);
			runOnlyForDeploymentPostprocessing = 0;
		};
		6BB6E1241CA330F400FF8821 /* Frameworks */ = {
			isa = PBXFrameworksBuildPhase;
			buildActionMask = 2147483647;
			files = (
			);
			runOnlyForDeploymentPostprocessing = 0;
		};
/* End PBXFrameworksBuildPhase section */

/* Begin PBXGroup section */
		6BB6E0FC1CA330F400FF8821 = {
			isa = PBXGroup;
			children = (
				6BB6E1071CA330F400FF8821 /* simpleUIToolBar */,
				6BB6E11F1CA330F400FF8821 /* simpleUIToolBarTests */,
				6BB6E12A1CA330F400FF8821 /* simpleUIToolBarUITests */,
				6BB6E1061CA330F400FF8821 /* Products */,
			);
			sourceTree = "<group>";
		};
		6BB6E1061CA330F400FF8821 /* Products */ = {
			isa = PBXGroup;
			children = (
				6BB6E1051CA330F400FF8821 /* simpleUIToolBar.app */,
				6BB6E11C1CA330F400FF8821 /* simpleUIToolBarTests.xctest */,
				6BB6E1271CA330F400FF8821 /* simpleUIToolBarUITests.xctest */,
			);
			name = Products;
			sourceTree = "<group>";
		};
		6BB6E1071CA330F400FF8821 /* simpleUIToolBar */ = {
			isa = PBXGroup;
			children = (
				6BB6E1081CA330F400FF8821 /* AppDelegate.swift */,
				6BB6E10A1CA330F400FF8821 /* ViewController.swift */,
				6BB6E10C1CA330F400FF8821 /* Main.storyboard */,
				6BB6E1121CA330F400FF8821 /* Assets.xcassets */,
				6BB6E1141CA330F400FF8821 /* LaunchScreen.storyboard */,
				6BB6E1171CA330F400FF8821 /* Info.plist */,
				6BB6E10F1CA330F400FF8821 /* simpleUIToolBar.xcdatamodeld */,
			);
			path = simpleUIToolBar;
			sourceTree = "<group>";
		};
		6BB6E11F1CA330F400FF8821 /* simpleUIToolBarTests */ = {
			isa = PBXGroup;
			children = (
				6BB6E1201CA330F400FF8821 /* simpleUIToolBarTests.swift */,
				6BB6E1221CA330F400FF8821 /* Info.plist */,
			);
			path = simpleUIToolBarTests;
			sourceTree = "<group>";
		};
		6BB6E12A1CA330F400FF8821 /* simpleUIToolBarUITests */ = {
			isa = PBXGroup;
			children = (
				6BB6E12B1CA330F400FF8821 /* simpleUIToolBarUITests.swift */,
				6BB6E12D1CA330F400FF8821 /* Info.plist */,
			);
			path = simpleUIToolBarUITests;
			sourceTree = "<group>";
		};
/* End PBXGroup section */

/* Begin PBXNativeTarget section */
		6BB6E1041CA330F400FF8821 /* simpleUIToolBar */ = {
			isa = PBXNativeTarget;
			buildConfigurationList = 6BB6E1301CA330F400FF8821 /* Build configuration list for PBXNativeTarget "simpleUIToolBar" */;
			buildPhases = (
				6BB6E1011CA330F400FF8821 /* Sources */,
				6BB6E1021CA330F400FF8821 /* Frameworks */,
				6BB6E1031CA330F400FF8821 /* Resources */,
			);
			buildRules = (
			);
			dependencies = (
			);
			name = simpleUIToolBar;
			productName = simpleUIToolBar;
			productReference = 6BB6E1051CA330F400FF8821 /* simpleUIToolBar.app */;
			productType = "com.apple.product-type.application";
		};
		6BB6E11B1CA330F400FF8821 /* simpleUIToolBarTests */ = {
			isa = PBXNativeTarget;
			buildConfigurationList = 6BB6E1331CA330F400FF8821 /* Build configuration list for PBXNativeTarget "simpleUIToolBarTests" */;
			buildPhases = (
				6BB6E1181CA330F400FF8821 /* Sources */,
				6BB6E1191CA330F400FF8821 /* Frameworks */,
				6BB6E11A1CA330F400FF8821 /* Resources */,
			);
			buildRules = (
			);
			dependencies = (
				6BB6E11E1CA330F400FF8821 /* PBXTargetDependency */,
			);
			name = simpleUIToolBarTests;
			productName = simpleUIToolBarTests;
			productReference = 6BB6E11C1CA330F400FF8821 /* simpleUIToolBarTests.xctest */;
			productType = "com.apple.product-type.bundle.unit-test";
		};
		6BB6E1261CA330F400FF8821 /* simpleUIToolBarUITests */ = {
			isa = PBXNativeTarget;
			buildConfigurationList = 6BB6E1361CA330F400FF8821 /* Build configuration list for PBXNativeTarget "simpleUIToolBarUITests" */;
			buildPhases = (
				6BB6E1231CA330F400FF8821 /* Sources */,
				6BB6E1241CA330F400FF8821 /* Frameworks */,
				6BB6E1251CA330F400FF8821 /* Resources */,
			);
			buildRules = (
			);
			dependencies = (
				6BB6E1291CA330F400FF8821 /* PBXTargetDependency */,
			);
			name = simpleUIToolBarUITests;
			productName = simpleUIToolBarUITests;
			productReference = 6BB6E1271CA330F400FF8821 /* simpleUIToolBarUITests.xctest */;
			productType = "com.apple.product-type.bundle.ui-testing";
		};
/* End PBXNativeTarget section */

/* Begin PBXProject section */
		6BB6E0FD1CA330F400FF8821 /* Project object */ = {
			isa = PBXProject;
			attributes = {
				LastSwiftUpdateCheck = 0720;
				LastUpgradeCheck = 0720;
				ORGANIZATIONNAME = "koichi tanaka";
				TargetAttributes = {
					6BB6E1041CA330F400FF8821 = {
						CreatedOnToolsVersion = 7.2.1;
					};
					6BB6E11B1CA330F400FF8821 = {
						CreatedOnToolsVersion = 7.2.1;
						TestTargetID = 6BB6E1041CA330F400FF8821;
					};
					6BB6E1261CA330F400FF8821 = {
						CreatedOnToolsVersion = 7.2.1;
						TestTargetID = 6BB6E1041CA330F400FF8821;
					};
				};
			};
			buildConfigurationList = 6BB6E1001CA330F400FF8821 /* Build configuration list for PBXProject "simpleUIToolBar" */;
			compatibilityVersion = "Xcode 3.2";
			developmentRegion = English;
			hasScannedForEncodings = 0;
			knownRegions = (
				en,
				Base,
			);
			mainGroup = 6BB6E0FC1CA330F400FF8821;
			productRefGroup = 6BB6E1061CA330F400FF8821 /* Products */;
			projectDirPath = "";
			projectRoot = "";
			targets = (
				6BB6E1041CA330F400FF8821 /* simpleUIToolBar */,
				6BB6E11B1CA330F400FF8821 /* simpleUIToolBarTests */,
				6BB6E1261CA330F400FF8821 /* simpleUIToolBarUITests */,
			);
		};
/* End PBXProject section */

/* Begin PBXResourcesBuildPhase section */
		6BB6E1031CA330F400FF8821 /* Resources */ = {
			isa = PBXResourcesBuildPhase;
			buildActionMask = 2147483647;
			files = (
				6BB6E1161CA330F400FF8821 /* LaunchScreen.storyboard in Resources */,
				6BB6E1131CA330F400FF8821 /* Assets.xcassets in Resources */,
				6BB6E10E1CA330F400FF8821 /* Main.storyboard in Resources */,
			);
			runOnlyForDeploymentPostprocessing = 0;
		};
		6BB6E11A1CA330F400FF8821 /* Resources */ = {
			isa = PBXResourcesBuildPhase;
			buildActionMask = 2147483647;
			files = (
			);
			runOnlyForDeploymentPostprocessing = 0;
		};
		6BB6E1251CA330F400FF8821 /* Resources */ = {
			isa = PBXResourcesBuildPhase;
			buildActionMask = 2147483647;
			files = (
			);
			runOnlyForDeploymentPostprocessing = 0;
		};
/* End PBXResourcesBuildPhase section */

/* Begin PBXSourcesBuildPhase section */
		6BB6E1011CA330F400FF8821 /* Sources */ = {
			isa = PBXSourcesBuildPhase;
			buildActionMask = 2147483647;
			files = (
				6BB6E10B1CA330F400FF8821 /* ViewController.swift in Sources */,
				6BB6E1091CA330F400FF8821 /* AppDelegate.swift in Sources */,
				6BB6E1111CA330F400FF8821 /* simpleUIToolBar.xcdatamodeld in Sources */,
			);
			runOnlyForDeploymentPostprocessing = 0;
		};
		6BB6E1181CA330F400FF8821 /* Sources */ = {
			isa = PBXSourcesBuildPhase;
			buildActionMask = 2147483647;
			files = (
				6BB6E1211CA330F400FF8821 /* simpleUIToolBarTests.swift in Sources */,
			);
			runOnlyForDeploymentPostprocessing = 0;
		};
		6BB6E1231CA330F400FF8821 /* Sources */ = {
			isa = PBXSourcesBuildPhase;
			buildActionMask = 2147483647;
			files = (
				6BB6E12C1CA330F400FF8821 /* simpleUIToolBarUITests.swift in Sources */,
			);
			runOnlyForDeploymentPostprocessing = 0;
		};
/* End PBXSourcesBuildPhase section */

/* Begin PBXTargetDependency section */
		6BB6E11E1CA330F400FF8821 /* PBXTargetDependency */ = {
			isa = PBXTargetDependency;
			target = 6BB6E1041CA330F400FF8821 /* simpleUIToolBar */;
			targetProxy = 6BB6E11D1CA330F400FF8821 /* PBXContainerItemProxy */;
		};
		6BB6E1291CA330F400FF8821 /* PBXTargetDependency */ = {
			isa = PBXTargetDependency;
			target = 6BB6E1041CA330F400FF8821 /* simpleUIToolBar */;
			targetProxy = 6BB6E1281CA330F400FF8821 /* PBXContainerItemProxy */;
		};
/* End PBXTargetDependency section */

/* Begin PBXVariantGroup section */
		6BB6E10C1CA330F400FF8821 /* Main.storyboard */ = {
			isa = PBXVariantGroup;
			children = (
				6BB6E10D1CA330F400FF8821 /* Base */,
			);
			name = Main.storyboard;
			sourceTree = "<group>";
		};
		6BB6E1141CA330F400FF8821 /* LaunchScreen.storyboard */ = {
			isa = PBXVariantGroup;
			children = (
				6BB6E1151CA330F400FF8821 /* Base */,
			);
			name = LaunchScreen.storyboard;
			sourceTree = "<group>";
		};
/* End PBXVariantGroup section */

/* Begin XCBuildConfiguration section */
		6BB6E12E1CA330F400FF8821 /* Debug */ = {
			isa = XCBuildConfiguration;
			buildSettings = {
				ALWAYS_SEARCH_USER_PATHS = NO;
				CLANG_CXX_LANGUAGE_STANDARD = "gnu++0x";
				CLANG_CXX_LIBRARY = "libc++";
				CLANG_ENABLE_MODULES = YES;
				CLANG_ENABLE_OBJC_ARC = YES;
				CLANG_WARN_BOOL_CONVERSION = YES;
				CLANG_WARN_CONSTANT_CONVERSION = YES;
				CLANG_WARN_DIRECT_OBJC_ISA_USAGE = YES_ERROR;
				CLANG_WARN_EMPTY_BODY = YES;
				CLANG_WARN_ENUM_CONVERSION = YES;
				CLANG_WARN_INT_CONVERSION = YES;
				CLANG_WARN_OBJC_ROOT_CLASS = YES_ERROR;
				CLANG_WARN_UNREACHABLE_CODE = YES;
				CLANG_WARN__DUPLICATE_METHOD_MATCH = YES;
				"CODE_SIGN_IDENTITY[sdk=iphoneos*]" = "iPhone Developer";
				COPY_PHASE_STRIP = NO;
				DEBUG_INFORMATION_FORMAT = dwarf;
				ENABLE_STRICT_OBJC_MSGSEND = YES;
				ENABLE_TESTABILITY = YES;
				GCC_C_LANGUAGE_STANDARD = gnu99;
				GCC_DYNAMIC_NO_PIC = NO;
				GCC_NO_COMMON_BLOCKS = YES;
				GCC_OPTIMIZATION_LEVEL = 0;
				GCC_PREPROCESSOR_DEFINITIONS = (
					"DEBUG=1",
					"$(inherited)",
				);
				GCC_WARN_64_TO_32_BIT_CONVERSION = YES;
				GCC_WARN_ABOUT_RETURN_TYPE = YES_ERROR;
				GCC_WARN_UNDECLARED_SELECTOR = YES;
				GCC_WARN_UNINITIALIZED_AUTOS = YES_AGGRESSIVE;
				GCC_WARN_UNUSED_FUNCTION = YES;
				GCC_WARN_UNUSED_VARIABLE = YES;
				IPHONEOS_DEPLOYMENT_TARGET = 9.2;
				MTL_ENABLE_DEBUG_INFO = YES;
				ONLY_ACTIVE_ARCH = YES;
				SDKROOT = iphoneos;
				SWIFT_OPTIMIZATION_LEVEL = "-Onone";
				TARGETED_DEVICE_FAMILY = "1,2";
			};
			name = Debug;
		};
		6BB6E12F1CA330F400FF8821 /* Release */ = {
			isa = XCBuildConfiguration;
			buildSettings = {
				ALWAYS_SEARCH_USER_PATHS = NO;
				CLANG_CXX_LANGUAGE_STANDARD = "gnu++0x";
				CLANG_CXX_LIBRARY = "libc++";
				CLANG_ENABLE_MODULES = YES;
				CLANG_ENABLE_OBJC_ARC = YES;
				CLANG_WARN_BOOL_CONVERSION = YES;
				CLANG_WARN_CONSTANT_CONVERSION = YES;
				CLANG_WARN_DIRECT_OBJC_ISA_USAGE = YES_ERROR;
				CLANG_WARN_EMPTY_BODY = YES;
				CLANG_WARN_ENUM_CONVERSION = YES;
				CLANG_WARN_INT_CONVERSION = YES;
				CLANG_WARN_OBJC_ROOT_CLASS = YES_ERROR;
				CLANG_WARN_UNREACHABLE_CODE = YES;
				CLANG_WARN__DUPLICATE_METHOD_MATCH = YES;
				"CODE_SIGN_IDENTITY[sdk=iphoneos*]" = "iPhone Developer";
				COPY_PHASE_STRIP = NO;
				DEBUG_INFORMATION_FORMAT = "dwarf-with-dsym";
				ENABLE_NS_ASSERTIONS = NO;
				ENABLE_STRICT_OBJC_MSGSEND = YES;
				GCC_C_LANGUAGE_STANDARD = gnu99;
				GCC_NO_COMMON_BLOCKS = YES;
				GCC_WARN_64_TO_32_BIT_CONVERSION = YES;
				GCC_WARN_ABOUT_RETURN_TYPE = YES_ERROR;
				GCC_WARN_UNDECLARED_SELECTOR = YES;
				GCC_WARN_UNINITIALIZED_AUTOS = YES_AGGRESSIVE;
				GCC_WARN_UNUSED_FUNCTION = YES;
				GCC_WARN_UNUSED_VARIABLE = YES;
				IPHONEOS_DEPLOYMENT_TARGET = 9.2;
				MTL_ENABLE_DEBUG_INFO = NO;
				SDKROOT = iphoneos;
				TARGETED_DEVICE_FAMILY = "1,2";
				VALIDATE_PRODUCT = YES;
			};
			name = Release;
		};
		6BB6E1311CA330F400FF8821 /* Debug */ = {
			isa = XCBuildConfiguration;
			buildSettings = {
				ASSETCATALOG_COMPILER_APPICON_NAME = AppIcon;
				INFOPLIST_FILE = simpleUIToolBar/Info.plist;
				LD_RUNPATH_SEARCH_PATHS = "$(inherited) @executable_path/Frameworks";
				PRODUCT_BUNDLE_IDENTIFIER = com.attojs.simpleUIToolBar;
				PRODUCT_NAME = "$(TARGET_NAME)";
			};
			name = Debug;
		};
		6BB6E1321CA330F400FF8821 /* Release */ = {
			isa = XCBuildConfiguration;
			buildSettings = {
				ASSETCATALOG_COMPILER_APPICON_NAME = AppIcon;
				INFOPLIST_FILE = simpleUIToolBar/Info.plist;
				LD_RUNPATH_SEARCH_PATHS = "$(inherited) @executable_path/Frameworks";
				PRODUCT_BUNDLE_IDENTIFIER = com.attojs.simpleUIToolBar;
				PRODUCT_NAME = "$(TARGET_NAME)";
			};
			name = Release;
		};
		6BB6E1341CA330F400FF8821 /* Debug */ = {
			isa = XCBuildConfiguration;
			buildSettings = {
				BUNDLE_LOADER = "$(TEST_HOST)";
				INFOPLIST_FILE = simpleUIToolBarTests/Info.plist;
				LD_RUNPATH_SEARCH_PATHS = "$(inherited) @executable_path/Frameworks @loader_path/Frameworks";
				PRODUCT_BUNDLE_IDENTIFIER = com.attojs.simpleUIToolBarTests;
				PRODUCT_NAME = "$(TARGET_NAME)";
				TEST_HOST = "$(BUILT_PRODUCTS_DIR)/simpleUIToolBar.app/simpleUIToolBar";
			};
			name = Debug;
		};
		6BB6E1351CA330F400FF8821 /* Release */ = {
			isa = XCBuildConfiguration;
			buildSettings = {
				BUNDLE_LOADER = "$(TEST_HOST)";
				INFOPLIST_FILE = simpleUIToolBarTests/Info.plist;
				LD_RUNPATH_SEARCH_PATHS = "$(inherited) @executable_path/Frameworks @loader_path/Frameworks";
				PRODUCT_BUNDLE_IDENTIFIER = com.attojs.simpleUIToolBarTests;
				PRODUCT_NAME = "$(TARGET_NAME)";
				TEST_HOST = "$(BUILT_PRODUCTS_DIR)/simpleUIToolBar.app/simpleUIToolBar";
			};
			name = Release;
		};
		6BB6E1371CA330F400FF8821 /* Debug */ = {
			isa = XCBuildConfiguration;
			buildSettings = {
				INFOPLIST_FILE = simpleUIToolBarUITests/Info.plist;
				LD_RUNPATH_SEARCH_PATHS = "$(inherited) @executable_path/Frameworks @loader_path/Frameworks";
				PRODUCT_BUNDLE_IDENTIFIER = com.attojs.simpleUIToolBarUITests;
				PRODUCT_NAME = "$(TARGET_NAME)";
				TEST_TARGET_NAME = simpleUIToolBar;
				USES_XCTRUNNER = YES;
			};
			name = Debug;
		};
		6BB6E1381CA330F400FF8821 /* Release */ = {
			isa = XCBuildConfiguration;
			buildSettings = {
				INFOPLIST_FILE = simpleUIToolBarUITests/Info.plist;
				LD_RUNPATH_SEARCH_PATHS = "$(inherited) @executable_path/Frameworks @loader_path/Frameworks";
				PRODUCT_BUNDLE_IDENTIFIER = com.attojs.simpleUIToolBarUITests;
				PRODUCT_NAME = "$(TARGET_NAME)";
				TEST_TARGET_NAME = simpleUIToolBar;
				USES_XCTRUNNER = YES;
			};
			name = Release;
		};
/* End XCBuildConfiguration section */

/* Begin XCConfigurationList section */
		6BB6E1001CA330F400FF8821 /* Build configuration list for PBXProject "simpleUIToolBar" */ = {
			isa = XCConfigurationList;
			buildConfigurations = (
				6BB6E12E1CA330F400FF8821 /* Debug */,
				6BB6E12F1CA330F400FF8821 /* Release */,
			);
			defaultConfigurationIsVisible = 0;
			defaultConfigurationName = Release;
		};
		6BB6E1301CA330F400FF8821 /* Build configuration list for PBXNativeTarget "simpleUIToolBar" */ = {
			isa = XCConfigurationList;
			buildConfigurations = (
				6BB6E1311CA330F400FF8821 /* Debug */,
				6BB6E1321CA330F400FF8821 /* Release */,
			);
			defaultConfigurationIsVisible = 0;
		};
		6BB6E1331CA330F400FF8821 /* Build configuration list for PBXNativeTarget "simpleUIToolBarTests" */ = {
			isa = XCConfigurationList;
			buildConfigurations = (
				6BB6E1341CA330F400FF8821 /* Debug */,
				6BB6E1351CA330F400FF8821 /* Release */,
			);
			defaultConfigurationIsVisible = 0;
		};
		6BB6E1361CA330F400FF8821 /* Build configuration list for PBXNativeTarget "simpleUIToolBarUITests" */ = {
			isa = XCConfigurationList;
			buildConfigurations = (
				6BB6E1371CA330F400FF8821 /* Debug */,
				6BB6E1381CA330F400FF8821 /* Release */,
			);
			defaultConfigurationIsVisible = 0;
		};
/* End XCConfigurationList section */

/* Begin XCVersionGroup section */
		6BB6E10F1CA330F400FF8821 /* simpleUIToolBar.xcdatamodeld */ = {
			isa = XCVersionGroup;
			children = (
				6BB6E1101CA330F400FF8821 /* simpleUIToolBar.xcdatamodel */,
			);
			currentVersion = 6BB6E1101CA330F400FF8821 /* simpleUIToolBar.xcdatamodel */;
			path = simpleUIToolBar.xcdatamodeld;
			sourceTree = "<group>";
			versionGroupType = wrapper.xcdatamodel;
		};
/* End XCVersionGroup section */
	};
	rootObject = 6BB6E0FD1CA330F400FF8821 /* Project object */;
}
